// !$*UTF8*$!
{
	archiveVersion = 1;
	classes = {
	};
	objectVersion = 56;
	objects = {

/* Begin PBXBuildFile section */
		3C5E381F2C2D8C5700DC55FE /* AppDelegate.swift in Sources */ = {isa = PBXBuildFile; fileRef = 3C5E381E2C2D8C5700DC55FE /* AppDelegate.swift */; };
		3C5E38212C2D8C5700DC55FE /* SceneDelegate.swift in Sources */ = {isa = PBXBuildFile; fileRef = 3C5E38202C2D8C5700DC55FE /* SceneDelegate.swift */; };
		3C5E38232C2D8C5700DC55FE /* ViewController.swift in Sources */ = {isa = PBXBuildFile; fileRef = 3C5E38222C2D8C5700DC55FE /* ViewController.swift */; };
		3C5E38262C2D8C5700DC55FE /* Base in Resources */ = {isa = PBXBuildFile; fileRef = 3C5E38252C2D8C5700DC55FE /* Base */; };
		3C5E38282C2D8C5800DC55FE /* Assets.xcassets in Resources */ = {isa = PBXBuildFile; fileRef = 3C5E38272C2D8C5800DC55FE /* Assets.xcassets */; };
		3C5E382B2C2D8C5800DC55FE /* Base in Resources */ = {isa = PBXBuildFile; fileRef = 3C5E382A2C2D8C5800DC55FE /* Base */; };
		3C5E38362C2D8C5800DC55FE /* Level_5Tests.swift in Sources */ = {isa = PBXBuildFile; fileRef = 3C5E38352C2D8C5800DC55FE /* Level_5Tests.swift */; };
		3C5E38402C2D8C5800DC55FE /* Level_5UITests.swift in Sources */ = {isa = PBXBuildFile; fileRef = 3C5E383F2C2D8C5800DC55FE /* Level_5UITests.swift */; };
		3C5E38422C2D8C5800DC55FE /* Level_5UITestsLaunchTests.swift in Sources */ = {isa = PBXBuildFile; fileRef = 3C5E38412C2D8C5800DC55FE /* Level_5UITestsLaunchTests.swift */; };
/* End PBXBuildFile section */

/* Begin PBXContainerItemProxy section */
		3C5E38322C2D8C5800DC55FE /* PBXContainerItemProxy */ = {
			isa = PBXContainerItemProxy;
			containerPortal = 3C5E38132C2D8C5700DC55FE /* Project object */;
			proxyType = 1;
			remoteGlobalIDString = 3C5E381A2C2D8C5700DC55FE;
			remoteInfo = "Level 5";
		};
		3C5E383C2C2D8C5800DC55FE /* PBXContainerItemProxy */ = {
			isa = PBXContainerItemProxy;
			containerPortal = 3C5E38132C2D8C5700DC55FE /* Project object */;
			proxyType = 1;
			remoteGlobalIDString = 3C5E381A2C2D8C5700DC55FE;
			remoteInfo = "Level 5";
		};
/* End PBXContainerItemProxy section */

/* Begin PBXFileReference section */
		3C5E381B2C2D8C5700DC55FE /* Level 5.app */ = {isa = PBXFileReference; explicitFileType = wrapper.application; includeInIndex = 0; path = "Level 5.app"; sourceTree = BUILT_PRODUCTS_DIR; };
		3C5E381E2C2D8C5700DC55FE /* AppDelegate.swift */ = {isa = PBXFileReference; lastKnownFileType = sourcecode.swift; path = AppDelegate.swift; sourceTree = "<group>"; };
		3C5E38202C2D8C5700DC55FE /* SceneDelegate.swift */ = {isa = PBXFileReference; lastKnownFileType = sourcecode.swift; path = SceneDelegate.swift; sourceTree = "<group>"; };
		3C5E38222C2D8C5700DC55FE /* ViewController.swift */ = {isa = PBXFileReference; lastKnownFileType = sourcecode.swift; path = ViewController.swift; sourceTree = "<group>"; };
		3C5E38252C2D8C5700DC55FE /* Base */ = {isa = PBXFileReference; lastKnownFileType = file.storyboard; name = Base; path = Base.lproj/Main.storyboard; sourceTree = "<group>"; };
		3C5E38272C2D8C5800DC55FE /* Assets.xcassets */ = {isa = PBXFileReference; lastKnownFileType = folder.assetcatalog; path = Assets.xcassets; sourceTree = "<group>"; };
		3C5E382A2C2D8C5800DC55FE /* Base */ = {isa = PBXFileReference; lastKnownFileType = file.storyboard; name = Base; path = Base.lproj/LaunchScreen.storyboard; sourceTree = "<group>"; };
		3C5E382C2C2D8C5800DC55FE /* Info.plist */ = {isa = PBXFileReference; lastKnownFileType = text.plist.xml; path = Info.plist; sourceTree = "<group>"; };
		3C5E38312C2D8C5800DC55FE /* Level 5Tests.xctest */ = {isa = PBXFileReference; explicitFileType = wrapper.cfbundle; includeInIndex = 0; path = "Level 5Tests.xctest"; sourceTree = BUILT_PRODUCTS_DIR; };
		3C5E38352C2D8C5800DC55FE /* Level_5Tests.swift */ = {isa = PBXFileReference; lastKnownFileType = sourcecode.swift; path = Level_5Tests.swift; sourceTree = "<group>"; };
		3C5E383B2C2D8C5800DC55FE /* Level 5UITests.xctest */ = {isa = PBXFileReference; explicitFileType = wrapper.cfbundle; includeInIndex = 0; path = "Level 5UITests.xctest"; sourceTree = BUILT_PRODUCTS_DIR; };
		3C5E383F2C2D8C5800DC55FE /* Level_5UITests.swift */ = {isa = PBXFileReference; lastKnownFileType = sourcecode.swift; path = Level_5UITests.swift; sourceTree = "<group>"; };
		3C5E38412C2D8C5800DC55FE /* Level_5UITestsLaunchTests.swift */ = {isa = PBXFileReference; lastKnownFileType = sourcecode.swift; path = Level_5UITestsLaunchTests.swift; sourceTree = "<group>"; };
/* End PBXFileReference section */

/* Begin PBXFrameworksBuildPhase section */
		3C5E38182C2D8C5700DC55FE /* Frameworks */ = {
			isa = PBXFrameworksBuildPhase;
			buildActionMask = 2147483647;
			files = (
			);
			runOnlyForDeploymentPostprocessing = 0;
		};
		3C5E382E2C2D8C5800DC55FE /* Frameworks */ = {
			isa = PBXFrameworksBuildPhase;
			buildActionMask = 2147483647;
			files = (
			);
			runOnlyForDeploymentPostprocessing = 0;
		};
		3C5E38382C2D8C5800DC55FE /* Frameworks */ = {
			isa = PBXFrameworksBuildPhase;
			buildActionMask = 2147483647;
			files = (
			);
			runOnlyForDeploymentPostprocessing = 0;
		};
/* End PBXFrameworksBuildPhase section */

/* Begin PBXGroup section */
		3C5E38122C2D8C5700DC55FE = {
			isa = PBXGroup;
			children = (
				3C5E381D2C2D8C5700DC55FE /* Level 5 */,
				3C5E38342C2D8C5800DC55FE /* Level 5Tests */,
				3C5E383E2C2D8C5800DC55FE /* Level 5UITests */,
				3C5E381C2C2D8C5700DC55FE /* Products */,
			);
			sourceTree = "<group>";
		};
		3C5E381C2C2D8C5700DC55FE /* Products */ = {
			isa = PBXGroup;
			children = (
				3C5E381B2C2D8C5700DC55FE /* Level 5.app */,
				3C5E38312C2D8C5800DC55FE /* Level 5Tests.xctest */,
				3C5E383B2C2D8C5800DC55FE /* Level 5UITests.xctest */,
			);
			name = Products;
			sourceTree = "<group>";
		};
		3C5E381D2C2D8C5700DC55FE /* Level 5 */ = {
			isa = PBXGroup;
			children = (
				3C5E381E2C2D8C5700DC55FE /* AppDelegate.swift */,
				3C5E38202C2D8C5700DC55FE /* SceneDelegate.swift */,
				3C5E38222C2D8C5700DC55FE /* ViewController.swift */,
				3C5E38242C2D8C5700DC55FE /* Main.storyboard */,
				3C5E38272C2D8C5800DC55FE /* Assets.xcassets */,
				3C5E38292C2D8C5800DC55FE /* LaunchScreen.storyboard */,
				3C5E382C2C2D8C5800DC55FE /* Info.plist */,
			);
			path = "Level 5";
			sourceTree = "<group>";
		};
		3C5E38342C2D8C5800DC55FE /* Level 5Tests */ = {
			isa = PBXGroup;
			children = (
				3C5E38352C2D8C5800DC55FE /* Level_5Tests.swift */,
			);
			path = "Level 5Tests";
			sourceTree = "<group>";
		};
		3C5E383E2C2D8C5800DC55FE /* Level 5UITests */ = {
			isa = PBXGroup;
			children = (
				3C5E383F2C2D8C5800DC55FE /* Level_5UITests.swift */,
				3C5E38412C2D8C5800DC55FE /* Level_5UITestsLaunchTests.swift */,
			);
			path = "Level 5UITests";
			sourceTree = "<group>";
		};
/* End PBXGroup section */

/* Begin PBXNativeTarget section */
		3C5E381A2C2D8C5700DC55FE /* Level 5 */ = {
			isa = PBXNativeTarget;
			buildConfigurationList = 3C5E38452C2D8C5800DC55FE /* Build configuration list for PBXNativeTarget "Level 5" */;
			buildPhases = (
				3C5E38172C2D8C5700DC55FE /* Sources */,
				3C5E38182C2D8C5700DC55FE /* Frameworks */,
				3C5E38192C2D8C5700DC55FE /* Resources */,
			);
			buildRules = (
			);
			dependencies = (
			);
			name = "Level 5";
			productName = "Level 5";
			productReference = 3C5E381B2C2D8C5700DC55FE /* Level 5.app */;
			productType = "com.apple.product-type.application";
		};
		3C5E38302C2D8C5800DC55FE /* Level 5Tests */ = {
			isa = PBXNativeTarget;
			buildConfigurationList = 3C5E38482C2D8C5800DC55FE /* Build configuration list for PBXNativeTarget "Level 5Tests" */;
			buildPhases = (
				3C5E382D2C2D8C5800DC55FE /* Sources */,
				3C5E382E2C2D8C5800DC55FE /* Frameworks */,
				3C5E382F2C2D8C5800DC55FE /* Resources */,
			);
			buildRules = (
			);
			dependencies = (
				3C5E38332C2D8C5800DC55FE /* PBXTargetDependency */,
			);
			name = "Level 5Tests";
			productName = "Level 5Tests";
			productReference = 3C5E38312C2D8C5800DC55FE /* Level 5Tests.xctest */;
			productType = "com.apple.product-type.bundle.unit-test";
		};
		3C5E383A2C2D8C5800DC55FE /* Level 5UITests */ = {
			isa = PBXNativeTarget;
			buildConfigurationList = 3C5E384B2C2D8C5800DC55FE /* Build configuration list for PBXNativeTarget "Level 5UITests" */;
			buildPhases = (
				3C5E38372C2D8C5800DC55FE /* Sources */,
				3C5E38382C2D8C5800DC55FE /* Frameworks */,
				3C5E38392C2D8C5800DC55FE /* Resources */,
			);
			buildRules = (
			);
			dependencies = (
				3C5E383D2C2D8C5800DC55FE /* PBXTargetDependency */,
			);
			name = "Level 5UITests";
			productName = "Level 5UITests";
			productReference = 3C5E383B2C2D8C5800DC55FE /* Level 5UITests.xctest */;
			productType = "com.apple.product-type.bundle.ui-testing";
		};
/* End PBXNativeTarget section */

/* Begin PBXProject section */
		3C5E38132C2D8C5700DC55FE /* Project object */ = {
			isa = PBXProject;
			attributes = {
				BuildIndependentTargetsInParallel = 1;
				LastSwiftUpdateCheck = 1540;
				LastUpgradeCheck = 1540;
				TargetAttributes = {
					3C5E381A2C2D8C5700DC55FE = {
						CreatedOnToolsVersion = 15.4;
					};
					3C5E38302C2D8C5800DC55FE = {
						CreatedOnToolsVersion = 15.4;
						TestTargetID = 3C5E381A2C2D8C5700DC55FE;
					};
					3C5E383A2C2D8C5800DC55FE = {
						CreatedOnToolsVersion = 15.4;
						TestTargetID = 3C5E381A2C2D8C5700DC55FE;
					};
				};
			};
			buildConfigurationList = 3C5E38162C2D8C5700DC55FE /* Build configuration list for PBXProject "Level 5" */;
			compatibilityVersion = "Xcode 14.0";
			developmentRegion = en;
			hasScannedForEncodings = 0;
			knownRegions = (
				en,
				Base,
			);
			mainGroup = 3C5E38122C2D8C5700DC55FE;
			productRefGroup = 3C5E381C2C2D8C5700DC55FE /* Products */;
			projectDirPath = "";
			projectRoot = "";
			targets = (
				3C5E381A2C2D8C5700DC55FE /* Level 5 */,
				3C5E38302C2D8C5800DC55FE /* Level 5Tests */,
				3C5E383A2C2D8C5800DC55FE /* Level 5UITests */,
			);
		};
/* End PBXProject section */

/* Begin PBXResourcesBuildPhase section */
		3C5E38192C2D8C5700DC55FE /* Resources */ = {
			isa = PBXResourcesBuildPhase;
			buildActionMask = 2147483647;
			files = (
				3C5E38282C2D8C5800DC55FE /* Assets.xcassets in Resources */,
				3C5E382B2C2D8C5800DC55FE /* Base in Resources */,
				3C5E38262C2D8C5700DC55FE /* Base in Resources */,
			);
			runOnlyForDeploymentPostprocessing = 0;
		};
		3C5E382F2C2D8C5800DC55FE /* Resources */ = {
			isa = PBXResourcesBuildPhase;
			buildActionMask = 2147483647;
			files = (
			);
			runOnlyForDeploymentPostprocessing = 0;
		};
		3C5E38392C2D8C5800DC55FE /* Resources */ = {
			isa = PBXResourcesBuildPhase;
			buildActionMask = 2147483647;
			files = (
			);
			runOnlyForDeploymentPostprocessing = 0;
		};
/* End PBXResourcesBuildPhase section */

/* Begin PBXSourcesBuildPhase section */
		3C5E38172C2D8C5700DC55FE /* Sources */ = {
			isa = PBXSourcesBuildPhase;
			buildActionMask = 2147483647;
			files = (
				3C5E38232C2D8C5700DC55FE /* ViewController.swift in Sources */,
				3C5E381F2C2D8C5700DC55FE /* AppDelegate.swift in Sources */,
				3C5E38212C2D8C5700DC55FE /* SceneDelegate.swift in Sources */,
			);
			runOnlyForDeploymentPostprocessing = 0;
		};
		3C5E382D2C2D8C5800DC55FE /* Sources */ = {
			isa = PBXSourcesBuildPhase;
			buildActionMask = 2147483647;
			files = (
				3C5E38362C2D8C5800DC55FE /* Level_5Tests.swift in Sources */,
			);
			runOnlyForDeploymentPostprocessing = 0;
		};
		3C5E38372C2D8C5800DC55FE /* Sources */ = {
			isa = PBXSourcesBuildPhase;
			buildActionMask = 2147483647;
			files = (
				3C5E38402C2D8C5800DC55FE /* Level_5UITests.swift in Sources */,
				3C5E38422C2D8C5800DC55FE /* Level_5UITestsLaunchTests.swift in Sources */,
			);
			runOnlyForDeploymentPostprocessing = 0;
		};
/* End PBXSourcesBuildPhase section */

/* Begin PBXTargetDependency section */
		3C5E38332C2D8C5800DC55FE /* PBXTargetDependency */ = {
			isa = PBXTargetDependency;
			target = 3C5E381A2C2D8C5700DC55FE /* Level 5 */;
			targetProxy = 3C5E38322C2D8C5800DC55FE /* PBXContainerItemProxy */;
		};
		3C5E383D2C2D8C5800DC55FE /* PBXTargetDependency */ = {
			isa = PBXTargetDependency;
			target = 3C5E381A2C2D8C5700DC55FE /* Level 5 */;
			targetProxy = 3C5E383C2C2D8C5800DC55FE /* PBXContainerItemProxy */;
		};
/* End PBXTargetDependency section */

/* Begin PBXVariantGroup section */
		3C5E38242C2D8C5700DC55FE /* Main.storyboard */ = {
			isa = PBXVariantGroup;
			children = (
				3C5E38252C2D8C5700DC55FE /* Base */,
			);
			name = Main.storyboard;
			sourceTree = "<group>";
		};
		3C5E38292C2D8C5800DC55FE /* LaunchScreen.storyboard */ = {
			isa = PBXVariantGroup;
			children = (
				3C5E382A2C2D8C5800DC55FE /* Base */,
			);
			name = LaunchScreen.storyboard;
			sourceTree = "<group>";
		};
/* End PBXVariantGroup section */

/* Begin XCBuildConfiguration section */
		3C5E38432C2D8C5800DC55FE /* Debug */ = {
			isa = XCBuildConfiguration;
			buildSettings = {
				ALWAYS_SEARCH_USER_PATHS = NO;
				ASSETCATALOG_COMPILER_GENERATE_SWIFT_ASSET_SYMBOL_EXTENSIONS = YES;
				CLANG_ANALYZER_NONNULL = YES;
				CLANG_ANALYZER_NUMBER_OBJECT_CONVERSION = YES_AGGRESSIVE;
				CLANG_CXX_LANGUAGE_STANDARD = "gnu++20";
				CLANG_ENABLE_MODULES = YES;
				CLANG_ENABLE_OBJC_ARC = YES;
				CLANG_ENABLE_OBJC_WEAK = YES;
				CLANG_WARN_BLOCK_CAPTURE_AUTORELEASING = YES;
				CLANG_WARN_BOOL_CONVERSION = YES;
				CLANG_WARN_COMMA = YES;
				CLANG_WARN_CONSTANT_CONVERSION = YES;
				CLANG_WARN_DEPRECATED_OBJC_IMPLEMENTATIONS = YES;
				CLANG_WARN_DIRECT_OBJC_ISA_USAGE = YES_ERROR;
				CLANG_WARN_DOCUMENTATION_COMMENTS = YES;
				CLANG_WARN_EMPTY_BODY = YES;
				CLANG_WARN_ENUM_CONVERSION = YES;
				CLANG_WARN_INFINITE_RECURSION = YES;
				CLANG_WARN_INT_CONVERSION = YES;
				CLANG_WARN_NON_LITERAL_NULL_CONVERSION = YES;
				CLANG_WARN_OBJC_IMPLICIT_RETAIN_SELF = YES;
				CLANG_WARN_OBJC_LITERAL_CONVERSION = YES;
				CLANG_WARN_OBJC_ROOT_CLASS = YES_ERROR;
				CLANG_WARN_QUOTED_INCLUDE_IN_FRAMEWORK_HEADER = YES;
				CLANG_WARN_RANGE_LOOP_ANALYSIS = YES;
				CLANG_WARN_STRICT_PROTOTYPES = YES;
				CLANG_WARN_SUSPICIOUS_MOVE = YES;
				CLANG_WARN_UNGUARDED_AVAILABILITY = YES_AGGRESSIVE;
				CLANG_WARN_UNREACHABLE_CODE = YES;
				CLANG_WARN__DUPLICATE_METHOD_MATCH = YES;
				COPY_PHASE_STRIP = NO;
				DEBUG_INFORMATION_FORMAT = dwarf;
				ENABLE_STRICT_OBJC_MSGSEND = YES;
				ENABLE_TESTABILITY = YES;
				ENABLE_USER_SCRIPT_SANDBOXING = YES;
				GCC_C_LANGUAGE_STANDARD = gnu17;
				GCC_DYNAMIC_NO_PIC = NO;
				GCC_NO_COMMON_BLOCKS = YES;
				GCC_OPTIMIZATION_LEVEL = 0;
				GCC_PREPROCESSOR_DEFINITIONS = (
					"DEBUG=1",
					"$(inherited)",
				);
				GCC_WARN_64_TO_32_BIT_CONVERSION = YES;
				GCC_WARN_ABOUT_RETURN_TYPE = YES_ERROR;
				GCC_WARN_UNDECLARED_SELECTOR = YES;
				GCC_WARN_UNINITIALIZED_AUTOS = YES_AGGRESSIVE;
				GCC_WARN_UNUSED_FUNCTION = YES;
				GCC_WARN_UNUSED_VARIABLE = YES;
				IPHONEOS_DEPLOYMENT_TARGET = 17.5;
				LOCALIZATION_PREFERS_STRING_CATALOGS = YES;
				MTL_ENABLE_DEBUG_INFO = INCLUDE_SOURCE;
				MTL_FAST_MATH = YES;
				ONLY_ACTIVE_ARCH = YES;
				SDKROOT = iphoneos;
				SWIFT_ACTIVE_COMPILATION_CONDITIONS = "DEBUG $(inherited)";
				SWIFT_OPTIMIZATION_LEVEL = "-Onone";
			};
			name = Debug;
		};
		3C5E38442C2D8C5800DC55FE /* Release */ = {
			isa = XCBuildConfiguration;
			buildSettings = {
				ALWAYS_SEARCH_USER_PATHS = NO;
				ASSETCATALOG_COMPILER_GENERATE_SWIFT_ASSET_SYMBOL_EXTENSIONS = YES;
				CLANG_ANALYZER_NONNULL = YES;
				CLANG_ANALYZER_NUMBER_OBJECT_CONVERSION = YES_AGGRESSIVE;
				CLANG_CXX_LANGUAGE_STANDARD = "gnu++20";
				CLANG_ENABLE_MODULES = YES;
				CLANG_ENABLE_OBJC_ARC = YES;
				CLANG_ENABLE_OBJC_WEAK = YES;
				CLANG_WARN_BLOCK_CAPTURE_AUTORELEASING = YES;
				CLANG_WARN_BOOL_CONVERSION = YES;
				CLANG_WARN_COMMA = YES;
				CLANG_WARN_CONSTANT_CONVERSION = YES;
				CLANG_WARN_DEPRECATED_OBJC_IMPLEMENTATIONS = YES;
				CLANG_WARN_DIRECT_OBJC_ISA_USAGE = YES_ERROR;
				CLANG_WARN_DOCUMENTATION_COMMENTS = YES;
				CLANG_WARN_EMPTY_BODY = YES;
				CLANG_WARN_ENUM_CONVERSION = YES;
				CLANG_WARN_INFINITE_RECURSION = YES;
				CLANG_WARN_INT_CONVERSION = YES;
				CLANG_WARN_NON_LITERAL_NULL_CONVERSION = YES;
				CLANG_WARN_OBJC_IMPLICIT_RETAIN_SELF = YES;
				CLANG_WARN_OBJC_LITERAL_CONVERSION = YES;
				CLANG_WARN_OBJC_ROOT_CLASS = YES_ERROR;
				CLANG_WARN_QUOTED_INCLUDE_IN_FRAMEWORK_HEADER = YES;
				CLANG_WARN_RANGE_LOOP_ANALYSIS = YES;
				CLANG_WARN_STRICT_PROTOTYPES = YES;
				CLANG_WARN_SUSPICIOUS_MOVE = YES;
				CLANG_WARN_UNGUARDED_AVAILABILITY = YES_AGGRESSIVE;
				CLANG_WARN_UNREACHABLE_CODE = YES;
				CLANG_WARN__DUPLICATE_METHOD_MATCH = YES;
				COPY_PHASE_STRIP = NO;
				DEBUG_INFORMATION_FORMAT = "dwarf-with-dsym";
				ENABLE_NS_ASSERTIONS = NO;
				ENABLE_STRICT_OBJC_MSGSEND = YES;
				ENABLE_USER_SCRIPT_SANDBOXING = YES;
				GCC_C_LANGUAGE_STANDARD = gnu17;
				GCC_NO_COMMON_BLOCKS = YES;
				GCC_WARN_64_TO_32_BIT_CONVERSION = YES;
				GCC_WARN_ABOUT_RETURN_TYPE = YES_ERROR;
				GCC_WARN_UNDECLARED_SELECTOR = YES;
				GCC_WARN_UNINITIALIZED_AUTOS = YES_AGGRESSIVE;
				GCC_WARN_UNUSED_FUNCTION = YES;
				GCC_WARN_UNUSED_VARIABLE = YES;
				IPHONEOS_DEPLOYMENT_TARGET = 17.5;
				LOCALIZATION_PREFERS_STRING_CATALOGS = YES;
				MTL_ENABLE_DEBUG_INFO = NO;
				MTL_FAST_MATH = YES;
				SDKROOT = iphoneos;
				SWIFT_COMPILATION_MODE = wholemodule;
				VALIDATE_PRODUCT = YES;
			};
			name = Release;
		};
		3C5E38462C2D8C5800DC55FE /* Debug */ = {
			isa = XCBuildConfiguration;
			buildSettings = {
				ASSETCATALOG_COMPILER_APPICON_NAME = AppIcon;
				ASSETCATALOG_COMPILER_GLOBAL_ACCENT_COLOR_NAME = AccentColor;
				CODE_SIGN_STYLE = Automatic;
				CURRENT_PROJECT_VERSION = 1;
				DEVELOPMENT_TEAM = 97F5Z9A9T5;
				GENERATE_INFOPLIST_FILE = YES;
				INFOPLIST_FILE = "Level 5/Info.plist";
				INFOPLIST_KEY_UIApplicationSupportsIndirectInputEvents = YES;
				INFOPLIST_KEY_UILaunchStoryboardName = LaunchScreen;
				INFOPLIST_KEY_UIMainStoryboardFile = Main;
				INFOPLIST_KEY_UISupportedInterfaceOrientations_iPad = "UIInterfaceOrientationPortrait UIInterfaceOrientationPortraitUpsideDown UIInterfaceOrientationLandscapeLeft UIInterfaceOrientationLandscapeRight";
				INFOPLIST_KEY_UISupportedInterfaceOrientations_iPhone = "UIInterfaceOrientationPortrait UIInterfaceOrientationLandscapeLeft UIInterfaceOrientationLandscapeRight";
				LD_RUNPATH_SEARCH_PATHS = (
					"$(inherited)",
					"@executable_path/Frameworks",
				);
				MARKETING_VERSION = 1.0;
				PRODUCT_BUNDLE_IDENTIFIER = "------------------.Level-5";
				PRODUCT_NAME = "$(TARGET_NAME)";
				SWIFT_EMIT_LOC_STRINGS = YES;
				SWIFT_VERSION = 5.0;
				TARGETED_DEVICE_FAMILY = "1,2";
			};
			name = Debug;
		};
		3C5E38472C2D8C5800DC55FE /* Release */ = {
			isa = XCBuildConfiguration;
			buildSettings = {
				ASSETCATALOG_COMPILER_APPICON_NAME = AppIcon;
				ASSETCATALOG_COMPILER_GLOBAL_ACCENT_COLOR_NAME = AccentColor;
				CODE_SIGN_STYLE = Automatic;
				CURRENT_PROJECT_VERSION = 1;
				DEVELOPMENT_TEAM = 97F5Z9A9T5;
				GENERATE_INFOPLIST_FILE = YES;
				INFOPLIST_FILE = "Level 5/Info.plist";
				INFOPLIST_KEY_UIApplicationSupportsIndirectInputEvents = YES;
				INFOPLIST_KEY_UILaunchStoryboardName = LaunchScreen;
				INFOPLIST_KEY_UIMainStoryboardFile = Main;
				INFOPLIST_KEY_UISupportedInterfaceOrientations_iPad = "UIInterfaceOrientationPortrait UIInterfaceOrientationPortraitUpsideDown UIInterfaceOrientationLandscapeLeft UIInterfaceOrientationLandscapeRight";
				INFOPLIST_KEY_UISupportedInterfaceOrientations_iPhone = "UIInterfaceOrientationPortrait UIInterfaceOrientationLandscapeLeft UIInterfaceOrientationLandscapeRight";
				LD_RUNPATH_SEARCH_PATHS = (
					"$(inherited)",
					"@executable_path/Frameworks",
				);
				MARKETING_VERSION = 1.0;
				PRODUCT_BUNDLE_IDENTIFIER = "------------------.Level-5";
				PRODUCT_NAME = "$(TARGET_NAME)";
				SWIFT_EMIT_LOC_STRINGS = YES;
				SWIFT_VERSION = 5.0;
				TARGETED_DEVICE_FAMILY = "1,2";
			};
			name = Release;
		};
		3C5E38492C2D8C5800DC55FE /* Debug */ = {
			isa = XCBuildConfiguration;
			buildSettings = {
				ALWAYS_EMBED_SWIFT_STANDARD_LIBRARIES = YES;
				BUNDLE_LOADER = "$(TEST_HOST)";
				CODE_SIGN_STYLE = Automatic;
				CURRENT_PROJECT_VERSION = 1;
				DEVELOPMENT_TEAM = 97F5Z9A9T5;
				GENERATE_INFOPLIST_FILE = YES;
				IPHONEOS_DEPLOYMENT_TARGET = 17.5;
				MARKETING_VERSION = 1.0;
				PRODUCT_BUNDLE_IDENTIFIER = "------------------.Level-5Tests";
				PRODUCT_NAME = "$(TARGET_NAME)";
				SWIFT_EMIT_LOC_STRINGS = NO;
				SWIFT_VERSION = 5.0;
				TARGETED_DEVICE_FAMILY = "1,2";
				TEST_HOST = "$(BUILT_PRODUCTS_DIR)/Level 5.app/$(BUNDLE_EXECUTABLE_FOLDER_PATH)/Level 5";
			};
			name = Debug;
		};
		3C5E384A2C2D8C5800DC55FE /* Release */ = {
			isa = XCBuildConfiguration;
			buildSettings = {
				ALWAYS_EMBED_SWIFT_STANDARD_LIBRARIES = YES;
				BUNDLE_LOADER = "$(TEST_HOST)";
				CODE_SIGN_STYLE = Automatic;
				CURRENT_PROJECT_VERSION = 1;
				DEVELOPMENT_TEAM = 97F5Z9A9T5;
				GENERATE_INFOPLIST_FILE = YES;
				IPHONEOS_DEPLOYMENT_TARGET = 17.5;
				MARKETING_VERSION = 1.0;
				PRODUCT_BUNDLE_IDENTIFIER = "------------------.Level-5Tests";
				PRODUCT_NAME = "$(TARGET_NAME)";
				SWIFT_EMIT_LOC_STRINGS = NO;
				SWIFT_VERSION = 5.0;
				TARGETED_DEVICE_FAMILY = "1,2";
				TEST_HOST = "$(BUILT_PRODUCTS_DIR)/Level 5.app/$(BUNDLE_EXECUTABLE_FOLDER_PATH)/Level 5";
			};
			name = Release;
		};
		3C5E384C2C2D8C5800DC55FE /* Debug */ = {
			isa = XCBuildConfiguration;
			buildSettings = {
				ALWAYS_EMBED_SWIFT_STANDARD_LIBRARIES = YES;
				CODE_SIGN_STYLE = Automatic;
				CURRENT_PROJECT_VERSION = 1;
				DEVELOPMENT_TEAM = 97F5Z9A9T5;
				GENERATE_INFOPLIST_FILE = YES;
				MARKETING_VERSION = 1.0;
				PRODUCT_BUNDLE_IDENTIFIER = "------------------.Level-5UITests";
				PRODUCT_NAME = "$(TARGET_NAME)";
				SWIFT_EMIT_LOC_STRINGS = NO;
				SWIFT_VERSION = 5.0;
				TARGETED_DEVICE_FAMILY = "1,2";
				TEST_TARGET_NAME = "Level 5";
			};
			name = Debug;
		};
		3C5E384D2C2D8C5800DC55FE /* Release */ = {
			isa = XCBuildConfiguration;
			buildSettings = {
				ALWAYS_EMBED_SWIFT_STANDARD_LIBRARIES = YES;
				CODE_SIGN_STYLE = Automatic;
				CURRENT_PROJECT_VERSION = 1;
				DEVELOPMENT_TEAM = 97F5Z9A9T5;
				GENERATE_INFOPLIST_FILE = YES;
				MARKETING_VERSION = 1.0;
				PRODUCT_BUNDLE_IDENTIFIER = "------------------.Level-5UITests";
				PRODUCT_NAME = "$(TARGET_NAME)";
				SWIFT_EMIT_LOC_STRINGS = NO;
				SWIFT_VERSION = 5.0;
				TARGETED_DEVICE_FAMILY = "1,2";
				TEST_TARGET_NAME = "Level 5";
			};
			name = Release;
		};
/* End XCBuildConfiguration section */

/* Begin XCConfigurationList section */
		3C5E38162C2D8C5700DC55FE /* Build configuration list for PBXProject "Level 5" */ = {
			isa = XCConfigurationList;
			buildConfigurations = (
				3C5E38432C2D8C5800DC55FE /* Debug */,
				3C5E38442C2D8C5800DC55FE /* Release */,
			);
			defaultConfigurationIsVisible = 0;
			defaultConfigurationName = Release;
		};
		3C5E38452C2D8C5800DC55FE /* Build configuration list for PBXNativeTarget "Level 5" */ = {
			isa = XCConfigurationList;
			buildConfigurations = (
				3C5E38462C2D8C5800DC55FE /* Debug */,
				3C5E38472C2D8C5800DC55FE /* Release */,
			);
			defaultConfigurationIsVisible = 0;
			defaultConfigurationName = Release;
		};
		3C5E38482C2D8C5800DC55FE /* Build configuration list for PBXNativeTarget "Level 5Tests" */ = {
			isa = XCConfigurationList;
			buildConfigurations = (
				3C5E38492C2D8C5800DC55FE /* Debug */,
				3C5E384A2C2D8C5800DC55FE /* Release */,
			);
			defaultConfigurationIsVisible = 0;
			defaultConfigurationName = Release;
		};
		3C5E384B2C2D8C5800DC55FE /* Build configuration list for PBXNativeTarget "Level 5UITests" */ = {
			isa = XCConfigurationList;
			buildConfigurations = (
				3C5E384C2C2D8C5800DC55FE /* Debug */,
				3C5E384D2C2D8C5800DC55FE /* Release */,
			);
			defaultConfigurationIsVisible = 0;
			defaultConfigurationName = Release;
		};
/* End XCConfigurationList section */
	};
	rootObject = 3C5E38132C2D8C5700DC55FE /* Project object */;
}
